
Microsoft Visual Studio Solution File, Format Version 12.00
# Visual Studio 15
VisualStudioVersion = 15.0.26430.12
MinimumVisualStudioVersion = 10.0.40219.1
Project("{FAE04EC0-301F-11D3-BF4B-00C04F79EFBC}") = "SeekAndArchive", "SeekAndArchive\SeekAndArchive.csproj", "{FC0CBB11-F1D6-4030-BBC3-CE72641126DA}"
EndProject
Global
	GlobalSection(SolutionConfigurationPlatforms) = preSolution
		Debug|Any CPU = Debug|Any CPU
		Release|Any CPU = Release|Any CPU
	EndGlobalSection
	GlobalSection(ProjectConfigurationPlatforms) = postSolution
		{FC0CBB11-F1D6-4030-BBC3-CE72641126DA}.Debug|Any CPU.ActiveCfg = Debug|Any CPU
		{FC0CBB11-F1D6-4030-BBC3-CE72641126DA}.Debug|Any CPU.Build.0 = Debug|Any CPU
		{FC0CBB11-F1D6-4030-BBC3-CE72641126DA}.Release|Any CPU.ActiveCfg = Release|Any CPU
		{FC0CBB11-F1D6-4030-BBC3-CE72641126DA}.Release|Any CPU.Build.0 = Release|Any CPU
	EndGlobalSection
	GlobalSection(SolutionProperties) = preSolution
		HideSolutionNode = FALSE
	EndGlobalSection
EndGlobal
